Microsoft Visual Studio Solution File, Format Version 12.00
# Visual Studio 15
VisualStudioVersion = 15.0.26430.14
MinimumVisualStudioVersion = 10.0.40219.1
Project("{FAE04EC0-301F-11D3-BF4B-00C04F79EFBC}") = "ShellEV.Standard", "ShellEV.Standard/ShellEV.Standard.csproj", "{c423c72b-e55a-4244-9424-df3a693b7c42}"
EndProject
Project("{FAE04EC0-301F-11D3-BF4B-00C04F79EFBC}") = "ShellEV.Tests", "ShellEV.Tests/ShellEV.Tests.csproj", "{444b815f-9064-42a8-b778-2b53b3a7d444}"
EndProject
Global
    GlobalSection(SolutionConfigurationPlatforms) = preSolution
        Debug|Any CPU = Debug|Any CPU
        Release|Any CPU = Release|Any CPU
    EndGlobalSection
    GlobalSection(ProjectConfigurationPlatforms) = postSolution
        {c423c72b-e55a-4244-9424-df3a693b7c42}.Debug|Any CPU.ActiveCfg = Debug|Any CPU
        {c423c72b-e55a-4244-9424-df3a693b7c42}.Debug|Any CPU.Build.0 = Debug|Any CPU
        {c423c72b-e55a-4244-9424-df3a693b7c42}.Release|Any CPU.ActiveCfg = Release|Any CPU
        {c423c72b-e55a-4244-9424-df3a693b7c42}.Release|Any CPU.Build.0 = Release|Any CPU
        {444b815f-9064-42a8-b778-2b53b3a7d444}.Debug|Any CPU.ActiveCfg = Debug|Any CPU
        {444b815f-9064-42a8-b778-2b53b3a7d444}.Debug|Any CPU.Build.0 = Debug|Any CPU
        {444b815f-9064-42a8-b778-2b53b3a7d444}.Release|Any CPU.ActiveCfg = Release|Any CPU
        {444b815f-9064-42a8-b778-2b53b3a7d444}.Release|Any CPU.Build.0 = Release|Any CPU
    EndGlobalSection
    GlobalSection(SolutionProperties) = preSolution
        HideSolutionNode = FALSE
    EndGlobalSection
EndGlobal